
Microsoft Visual Studio Solution File, Format Version 12.00
# Visual Studio Version 16
VisualStudioVersion = 16.0.31515.178
MinimumVisualStudioVersion = 10.0.40219.1
Project("{FAE04EC0-301F-11D3-BF4B-00C04F79EFBC}") = "CipherWheel", "CipherWheel\CipherWheel.csproj", "{8CF8E0A9-6238-4A5C-A79C-FC0EACA2CC28}"
EndProject
Global
	GlobalSection(SolutionConfigurationPlatforms) = preSolution
		Debug|Any CPU = Debug|Any CPU
		Release|Any CPU = Release|Any CPU
	EndGlobalSection
	GlobalSection(ProjectConfigurationPlatforms) = postSolution
		{8CF8E0A9-6238-4A5C-A79C-FC0EACA2CC28}.Debug|Any CPU.ActiveCfg = Debug|Any CPU
		{8CF8E0A9-6238-4A5C-A79C-FC0EACA2CC28}.Debug|Any CPU.Build.0 = Debug|Any CPU
		{8CF8E0A9-6238-4A5C-A79C-FC0EACA2CC28}.Release|Any CPU.ActiveCfg = Release|Any CPU
		{8CF8E0A9-6238-4A5C-A79C-FC0EACA2CC28}.Release|Any CPU.Build.0 = Release|Any CPU
	EndGlobalSection
	GlobalSection(SolutionProperties) = preSolution
		HideSolutionNode = FALSE
	EndGlobalSection
	GlobalSection(ExtensibilityGlobals) = postSolution
		SolutionGuid = {1099097E-AA25-45B2-B7D6-5970BADF5FC0}
	EndGlobalSection
EndGlobal
